
Microsoft Visual Studio Solution File, Format Version 12.00
# Visual Studio Version 16
VisualStudioVersion = 16.0.30503.244
MinimumVisualStudioVersion = 10.0.40219.1
Project("{FAE04EC0-301F-11D3-BF4B-00C04F79EFBC}") = "text1", "text1\text1.csproj", "{A592BC49-AFFD-4D62-830D-531F8A360C48}"
EndProject
Global
	GlobalSection(SolutionConfigurationPlatforms) = preSolution
		Debug|Any CPU = Debug|Any CPU
		Release|Any CPU = Release|Any CPU
	EndGlobalSection
	GlobalSection(ProjectConfigurationPlatforms) = postSolution
		{A592BC49-AFFD-4D62-830D-531F8A360C48}.Debug|Any CPU.ActiveCfg = Debug|Any CPU
		{A592BC49-AFFD-4D62-830D-531F8A360C48}.Debug|Any CPU.Build.0 = Debug|Any CPU
		{A592BC49-AFFD-4D62-830D-531F8A360C48}.Release|Any CPU.ActiveCfg = Release|Any CPU
		{A592BC49-AFFD-4D62-830D-531F8A360C48}.Release|Any CPU.Build.0 = Release|Any CPU
	EndGlobalSection
	GlobalSection(SolutionProperties) = preSolution
		HideSolutionNode = FALSE
	EndGlobalSection
	GlobalSection(ExtensibilityGlobals) = postSolution
		SolutionGuid = {C2593147-5180-4070-9F96-D15B9BCCF4D1}
	EndGlobalSection
EndGlobal
